
Microsoft Visual Studio Solution File, Format Version 12.00
# Visual Studio 15
VisualStudioVersion = 15.0.27428.2015
MinimumVisualStudioVersion = 10.0.40219.1
Project("{FAE04EC0-301F-11D3-BF4B-00C04F79EFBC}") = "Constructor", "Constructor\Constructor.csproj", "{B7A76210-E1EB-4F54-9EBA-2BCDD9277893}"
EndProject
Global
	GlobalSection(SolutionConfigurationPlatforms) = preSolution
		Debug|Any CPU = Debug|Any CPU
		Release|Any CPU = Release|Any CPU
	EndGlobalSection
	GlobalSection(ProjectConfigurationPlatforms) = postSolution
		{B7A76210-E1EB-4F54-9EBA-2BCDD9277893}.Debug|Any CPU.ActiveCfg = Debug|Any CPU
		{B7A76210-E1EB-4F54-9EBA-2BCDD9277893}.Debug|Any CPU.Build.0 = Debug|Any CPU
		{B7A76210-E1EB-4F54-9EBA-2BCDD9277893}.Release|Any CPU.ActiveCfg = Release|Any CPU
		{B7A76210-E1EB-4F54-9EBA-2BCDD9277893}.Release|Any CPU.Build.0 = Release|Any CPU
	EndGlobalSection
	GlobalSection(SolutionProperties) = preSolution
		HideSolutionNode = FALSE
	EndGlobalSection
	GlobalSection(ExtensibilityGlobals) = postSolution
		SolutionGuid = {1188FC8B-9225-4151-BE43-B98069CD141F}
	EndGlobalSection
EndGlobal
